// !$*UTF8*$!
{
	archiveVersion = 1;
	classes = {
	};
	objectVersion = 46;
	objects = {

/* Begin PBXBuildFile section */
		8737CA831F9C427D0011D61C /* NCMBIncrementOperation.m in Sources */ = {isa = PBXBuildFile; fileRef = 8737CA471F9C42750011D61C /* NCMBIncrementOperation.m */; };
		8737CA841F9C427D0011D61C /* NCMBSetOperation.m in Sources */ = {isa = PBXBuildFile; fileRef = 8737CA481F9C42750011D61C /* NCMBSetOperation.m */; };
		8737CA851F9C427D0011D61C /* SubClassHandler.m in Sources */ = {isa = PBXBuildFile; fileRef = 8737CA491F9C42750011D61C /* SubClassHandler.m */; };
		8737CA861F9C427D0011D61C /* NCMBInstallation.m in Sources */ = {isa = PBXBuildFile; fileRef = 8737CA4A1F9C42750011D61C /* NCMBInstallation.m */; };
		8737CA871F9C427D0011D61C /* NCMBReachability.m in Sources */ = {isa = PBXBuildFile; fileRef = 8737CA4B1F9C42750011D61C /* NCMBReachability.m */; };
		8737CA881F9C427D0011D61C /* NCMBScript.m in Sources */ = {isa = PBXBuildFile; fileRef = 8737CA4C1F9C42750011D61C /* NCMBScript.m */; };
		8737CA891F9C427D0011D61C /* NCMBRelationOperation.h in Headers */ = {isa = PBXBuildFile; fileRef = 8737CA4D1F9C42750011D61C /* NCMBRelationOperation.h */; };
		8737CA8A1F9C427D0011D61C /* NCMBFacebookUtils.h in Headers */ = {isa = PBXBuildFile; fileRef = 8737CA4E1F9C42750011D61C /* NCMBFacebookUtils.h */; };
		8737CA8B1F9C427D0011D61C /* SubClassHandler.h in Headers */ = {isa = PBXBuildFile; fileRef = 8737CA4F1F9C42750011D61C /* SubClassHandler.h */; };
		8737CA8C1F9C427D0011D61C /* NCMB.m in Sources */ = {isa = PBXBuildFile; fileRef = 8737CA501F9C42750011D61C /* NCMB.m */; };
		8737CA8D1F9C427D0011D61C /* NCMBObject.m in Sources */ = {isa = PBXBuildFile; fileRef = 8737CA511F9C42750011D61C /* NCMBObject.m */; };
		8737CA8E1F9C427D0011D61C /* NCMBRelation+Private.h in Headers */ = {isa = PBXBuildFile; fileRef = 8737CA521F9C42750011D61C /* NCMBRelation+Private.h */; };
		8737CA8F1F9C427D0011D61C /* NCMBFacebookUtils+Private.h in Headers */ = {isa = PBXBuildFile; fileRef = 8737CA531F9C42750011D61C /* NCMBFacebookUtils+Private.h */; };
		8737CA901F9C427D0011D61C /* NCMBQuery.h in Headers */ = {isa = PBXBuildFile; fileRef = 8737CA541F9C42750011D61C /* NCMBQuery.h */; };
		8737CA911F9C427D0011D61C /* NCMBRequest.h in Headers */ = {isa = PBXBuildFile; fileRef = 8737CA551F9C42750011D61C /* NCMBRequest.h */; };
		8737CA921F9C427D0011D61C /* NCMBSubclassing.h in Headers */ = {isa = PBXBuildFile; fileRef = 8737CA561F9C42760011D61C /* NCMBSubclassing.h */; };
		8737CA931F9C427D0011D61C /* NCMBDeleteOperation.m in Sources */ = {isa = PBXBuildFile; fileRef = 8737CA571F9C42760011D61C /* NCMBDeleteOperation.m */; };
		8737CA941F9C427D0011D61C /* NCMBAnonymousUtils.h in Headers */ = {isa = PBXBuildFile; fileRef = 8737CA581F9C42760011D61C /* NCMBAnonymousUtils.h */; };
		8737CA951F9C427D0011D61C /* NCMBError.m in Sources */ = {isa = PBXBuildFile; fileRef = 8737CA591F9C42760011D61C /* NCMBError.m */; };
		8737CA961F9C427D0011D61C /* NCMBRemoveOperation.h in Headers */ = {isa = PBXBuildFile; fileRef = 8737CA5A1F9C42760011D61C /* NCMBRemoveOperation.h */; };
		8737CA971F9C427D0011D61C /* NCMBUser.h in Headers */ = {isa = PBXBuildFile; fileRef = 8737CA5B1F9C42760011D61C /* NCMBUser.h */; };
		8737CA981F9C427D0011D61C /* NCMBQuery.m in Sources */ = {isa = PBXBuildFile; fileRef = 8737CA5C1F9C42760011D61C /* NCMBQuery.m */; };
		8737CA991F9C427D0011D61C /* NCMBReachability.h in Headers */ = {isa = PBXBuildFile; fileRef = 8737CA5D1F9C42760011D61C /* NCMBReachability.h */; };
		8737CA9A1F9C427D0011D61C /* NCMBAddUniqueOperation.h in Headers */ = {isa = PBXBuildFile; fileRef = 8737CA5E1F9C42760011D61C /* NCMBAddUniqueOperation.h */; };
		8737CA9B1F9C427D0011D61C /* NCMBRole.m in Sources */ = {isa = PBXBuildFile; fileRef = 8737CA5F1F9C42770011D61C /* NCMBRole.m */; };
		8737CA9C1F9C427D0011D61C /* NCMBUser+Private.h in Headers */ = {isa = PBXBuildFile; fileRef = 8737CA601F9C42770011D61C /* NCMBUser+Private.h */; };
		8737CA9D1F9C427D0011D61C /* NCMBObject+Private.h in Headers */ = {isa = PBXBuildFile; fileRef = 8737CA611F9C42770011D61C /* NCMBObject+Private.h */; };
		8737CA9E1F9C427D0011D61C /* NCMBRelation.m in Sources */ = {isa = PBXBuildFile; fileRef = 8737CA621F9C42770011D61C /* NCMBRelation.m */; };
		8737CA9F1F9C427D0011D61C /* NCMBACL.m in Sources */ = {isa = PBXBuildFile; fileRef = 8737CA631F9C42770011D61C /* NCMBACL.m */; };
		8737CAA01F9C427D0011D61C /* NCMBObject+Subclass.h in Headers */ = {isa = PBXBuildFile; fileRef = 8737CA641F9C42770011D61C /* NCMBObject+Subclass.h */; };
		8737CAA11F9C427D0011D61C /* NCMBAddOperation.h in Headers */ = {isa = PBXBuildFile; fileRef = 8737CA651F9C42770011D61C /* NCMBAddOperation.h */; };
		8737CAA21F9C427D0011D61C /* NCMBSetOperation.h in Headers */ = {isa = PBXBuildFile; fileRef = 8737CA661F9C42780011D61C /* NCMBSetOperation.h */; };
		8737CAA31F9C427D0011D61C /* NCMBQuery+Private.h in Headers */ = {isa = PBXBuildFile; fileRef = 8737CA671F9C42780011D61C /* NCMBQuery+Private.h */; };
		8737CAA41F9C427D0011D61C /* NCMBScriptService.m in Sources */ = {isa = PBXBuildFile; fileRef = 8737CA681F9C42780011D61C /* NCMBScriptService.m */; };
		8737CAA51F9C427D0011D61C /* NCMBRelation.h in Headers */ = {isa = PBXBuildFile; fileRef = 8737CA691F9C42780011D61C /* NCMBRelation.h */; };
		8737CAA61F9C427D0011D61C /* NSDataBase64Encode.m in Sources */ = {isa = PBXBuildFile; fileRef = 8737CA6A1F9C42780011D61C /* NSDataBase64Encode.m */; };
		8737CAA71F9C427D0011D61C /* NCMBRole.h in Headers */ = {isa = PBXBuildFile; fileRef = 8737CA6B1F9C42780011D61C /* NCMBRole.h */; };
		8737CAA81F9C427D0011D61C /* NCMBURLConnection.m in Sources */ = {isa = PBXBuildFile; fileRef = 8737CA6C1F9C42790011D61C /* NCMBURLConnection.m */; };
		8737CAA91F9C427D0011D61C /* NCMBRelationOperation.m in Sources */ = {isa = PBXBuildFile; fileRef = 8737CA6D1F9C42790011D61C /* NCMBRelationOperation.m */; };
		8737CAAA1F9C427D0011D61C /* NCMBACL.h in Headers */ = {isa = PBXBuildFile; fileRef = 8737CA6E1F9C42790011D61C /* NCMBACL.h */; };
		8737CAAB1F9C427D0011D61C /* NCMBInstallation.h in Headers */ = {isa = PBXBuildFile; fileRef = 8737CA6F1F9C42790011D61C /* NCMBInstallation.h */; };
		8737CAAC1F9C427D0011D61C /* NCMBAddOperation.m in Sources */ = {isa = PBXBuildFile; fileRef = 8737CA701F9C42790011D61C /* NCMBAddOperation.m */; };
		8737CAAD1F9C427D0011D61C /* NCMBGeoPoint.m in Sources */ = {isa = PBXBuildFile; fileRef = 8737CA711F9C427A0011D61C /* NCMBGeoPoint.m */; };
		8737CAAE1F9C427D0011D61C /* NCMBRemoveOperation.m in Sources */ = {isa = PBXBuildFile; fileRef = 8737CA721F9C427A0011D61C /* NCMBRemoveOperation.m */; };
		8737CAAF1F9C427D0011D61C /* NCMBUser.m in Sources */ = {isa = PBXBuildFile; fileRef = 8737CA731F9C427A0011D61C /* NCMBUser.m */; };
		8737CAB01F9C427D0011D61C /* NSDataBase64Encode.h in Headers */ = {isa = PBXBuildFile; fileRef = 8737CA741F9C427A0011D61C /* NSDataBase64Encode.h */; };
		8737CAB11F9C427D0011D61C /* NCMBAnonymousUtils.m in Sources */ = {isa = PBXBuildFile; fileRef = 8737CA751F9C427A0011D61C /* NCMBAnonymousUtils.m */; };
		8737CAB21F9C427D0011D61C /* NCMBURLConnection.h in Headers */ = {isa = PBXBuildFile; fileRef = 8737CA761F9C427A0011D61C /* NCMBURLConnection.h */; };
		8737CAB31F9C427D0011D61C /* NCMBRequest.m in Sources */ = {isa = PBXBuildFile; fileRef = 8737CA771F9C427B0011D61C /* NCMBRequest.m */; };
		8737CAB41F9C427D0011D61C /* NCMB.h in Headers */ = {isa = PBXBuildFile; fileRef = 8737CA781F9C427B0011D61C /* NCMB.h */; };
		8737CAB51F9C427D0011D61C /* NCMBFacebookUtils.m in Sources */ = {isa = PBXBuildFile; fileRef = 8737CA791F9C427B0011D61C /* NCMBFacebookUtils.m */; };
		8737CAB61F9C427D0011D61C /* NCMBIncrementOperation.h in Headers */ = {isa = PBXBuildFile; fileRef = 8737CA7A1F9C427B0011D61C /* NCMBIncrementOperation.h */; };
		8737CAB71F9C427D0011D61C /* NCMBObject.h in Headers */ = {isa = PBXBuildFile; fileRef = 8737CA7B1F9C427C0011D61C /* NCMBObject.h */; };
		8737CAB81F9C427D0011D61C /* NCMBError.h in Headers */ = {isa = PBXBuildFile; fileRef = 8737CA7C1F9C427C0011D61C /* NCMBError.h */; };
		8737CAB91F9C427D0011D61C /* NCMBConstants.h in Headers */ = {isa = PBXBuildFile; fileRef = 8737CA7D1F9C427C0011D61C /* NCMBConstants.h */; };
		8737CABA1F9C427D0011D61C /* NCMBGeoPoint.h in Headers */ = {isa = PBXBuildFile; fileRef = 8737CA7E1F9C427C0011D61C /* NCMBGeoPoint.h */; };
		8737CABB1F9C427D0011D61C /* NCMBScriptService.h in Headers */ = {isa = PBXBuildFile; fileRef = 8737CA7F1F9C427C0011D61C /* NCMBScriptService.h */; };
		8737CABC1F9C427D0011D61C /* NCMBScript.h in Headers */ = {isa = PBXBuildFile; fileRef = 8737CA801F9C427C0011D61C /* NCMBScript.h */; };
		8737CABD1F9C427D0011D61C /* NCMBAddUniqueOperation.m in Sources */ = {isa = PBXBuildFile; fileRef = 8737CA811F9C427D0011D61C /* NCMBAddUniqueOperation.m */; };
		8737CABE1F9C427D0011D61C /* NCMBDeleteOperation.h in Headers */ = {isa = PBXBuildFile; fileRef = 8737CA821F9C427D0011D61C /* NCMBDeleteOperation.h */; };
		8737CAC01F9C42960011D61C /* NCMB_umbrella.h in Headers */ = {isa = PBXBuildFile; fileRef = 8737CABF1F9C42960011D61C /* NCMB_umbrella.h */; };
/* End PBXBuildFile section */

/* Begin PBXFileReference section */
		8737CA471F9C42750011D61C /* NCMBIncrementOperation.m */ = {isa = PBXFileReference; fileEncoding = 4; lastKnownFileType = sourcecode.c.objc; path = NCMBIncrementOperation.m; sourceTree = "<group>"; };
		8737CA481F9C42750011D61C /* NCMBSetOperation.m */ = {isa = PBXFileReference; fileEncoding = 4; lastKnownFileType = sourcecode.c.objc; path = NCMBSetOperation.m; sourceTree = "<group>"; };
		8737CA491F9C42750011D61C /* SubClassHandler.m */ = {isa = PBXFileReference; fileEncoding = 4; lastKnownFileType = sourcecode.c.objc; path = SubClassHandler.m; sourceTree = "<group>"; };
		8737CA4A1F9C42750011D61C /* NCMBInstallation.m */ = {isa = PBXFileReference; fileEncoding = 4; lastKnownFileType = sourcecode.c.objc; path = NCMBInstallation.m; sourceTree = "<group>"; };
		8737CA4B1F9C42750011D61C /* NCMBReachability.m */ = {isa = PBXFileReference; fileEncoding = 4; lastKnownFileType = sourcecode.c.objc; path = NCMBReachability.m; sourceTree = "<group>"; };
		8737CA4C1F9C42750011D61C /* NCMBScript.m */ = {isa = PBXFileReference; fileEncoding = 4; lastKnownFileType = sourcecode.c.objc; path = NCMBScript.m; sourceTree = "<group>"; };
		8737CA4D1F9C42750011D61C /* NCMBRelationOperation.h */ = {isa = PBXFileReference; fileEncoding = 4; lastKnownFileType = sourcecode.c.h; path = NCMBRelationOperation.h; sourceTree = "<group>"; };
		8737CA4E1F9C42750011D61C /* NCMBFacebookUtils.h */ = {isa = PBXFileReference; fileEncoding = 4; lastKnownFileType = sourcecode.c.h; path = NCMBFacebookUtils.h; sourceTree = "<group>"; };
		8737CA4F1F9C42750011D61C /* SubClassHandler.h */ = {isa = PBXFileReference; fileEncoding = 4; lastKnownFileType = sourcecode.c.h; path = SubClassHandler.h; sourceTree = "<group>"; };
		8737CA501F9C42750011D61C /* NCMB.m */ = {isa = PBXFileReference; fileEncoding = 4; lastKnownFileType = sourcecode.c.objc; path = NCMB.m; sourceTree = "<group>"; };
		8737CA511F9C42750011D61C /* NCMBObject.m */ = {isa = PBXFileReference; fileEncoding = 4; lastKnownFileType = sourcecode.c.objc; path = NCMBObject.m; sourceTree = "<group>"; };
		8737CA521F9C42750011D61C /* NCMBRelation+Private.h */ = {isa = PBXFileReference; fileEncoding = 4; lastKnownFileType = sourcecode.c.h; path = "NCMBRelation+Private.h"; sourceTree = "<group>"; };
		8737CA531F9C42750011D61C /* NCMBFacebookUtils+Private.h */ = {isa = PBXFileReference; fileEncoding = 4; lastKnownFileType = sourcecode.c.h; path = "NCMBFacebookUtils+Private.h"; sourceTree = "<group>"; };
		8737CA541F9C42750011D61C /* NCMBQuery.h */ = {isa = PBXFileReference; fileEncoding = 4; lastKnownFileType = sourcecode.c.h; path = NCMBQuery.h; sourceTree = "<group>"; };
		8737CA551F9C42750011D61C /* NCMBRequest.h */ = {isa = PBXFileReference; fileEncoding = 4; lastKnownFileType = sourcecode.c.h; path = NCMBRequest.h; sourceTree = "<group>"; };
		8737CA561F9C42760011D61C /* NCMBSubclassing.h */ = {isa = PBXFileReference; fileEncoding = 4; lastKnownFileType = sourcecode.c.h; path = NCMBSubclassing.h; sourceTree = "<group>"; };
		8737CA571F9C42760011D61C /* NCMBDeleteOperation.m */ = {isa = PBXFileReference; fileEncoding = 4; lastKnownFileType = sourcecode.c.objc; path = NCMBDeleteOperation.m; sourceTree = "<group>"; };
		8737CA581F9C42760011D61C /* NCMBAnonymousUtils.h */ = {isa = PBXFileReference; fileEncoding = 4; lastKnownFileType = sourcecode.c.h; path = NCMBAnonymousUtils.h; sourceTree = "<group>"; };
		8737CA591F9C42760011D61C /* NCMBError.m */ = {isa = PBXFileReference; fileEncoding = 4; lastKnownFileType = sourcecode.c.objc; path = NCMBError.m; sourceTree = "<group>"; };
		8737CA5A1F9C42760011D61C /* NCMBRemoveOperation.h */ = {isa = PBXFileReference; fileEncoding = 4; lastKnownFileType = sourcecode.c.h; path = NCMBRemoveOperation.h; sourceTree = "<group>"; };
		8737CA5B1F9C42760011D61C /* NCMBUser.h */ = {isa = PBXFileReference; fileEncoding = 4; lastKnownFileType = sourcecode.c.h; path = NCMBUser.h; sourceTree = "<group>"; };
		8737CA5C1F9C42760011D61C /* NCMBQuery.m */ = {isa = PBXFileReference; fileEncoding = 4; lastKnownFileType = sourcecode.c.objc; path = NCMBQuery.m; sourceTree = "<group>"; };
		8737CA5D1F9C42760011D61C /* NCMBReachability.h */ = {isa = PBXFileReference; fileEncoding = 4; lastKnownFileType = sourcecode.c.h; path = NCMBReachability.h; sourceTree = "<group>"; };
		8737CA5E1F9C42760011D61C /* NCMBAddUniqueOperation.h */ = {isa = PBXFileReference; fileEncoding = 4; lastKnownFileType = sourcecode.c.h; path = NCMBAddUniqueOperation.h; sourceTree = "<group>"; };
		8737CA5F1F9C42770011D61C /* NCMBRole.m */ = {isa = PBXFileReference; fileEncoding = 4; lastKnownFileType = sourcecode.c.objc; path = NCMBRole.m; sourceTree = "<group>"; };
		8737CA601F9C42770011D61C /* NCMBUser+Private.h */ = {isa = PBXFileReference; fileEncoding = 4; lastKnownFileType = sourcecode.c.h; path = "NCMBUser+Private.h"; sourceTree = "<group>"; };
		8737CA611F9C42770011D61C /* NCMBObject+Private.h */ = {isa = PBXFileReference; fileEncoding = 4; lastKnownFileType = sourcecode.c.h; path = "NCMBObject+Private.h"; sourceTree = "<group>"; };
		8737CA621F9C42770011D61C /* NCMBRelation.m */ = {isa = PBXFileReference; fileEncoding = 4; lastKnownFileType = sourcecode.c.objc; path = NCMBRelation.m; sourceTree = "<group>"; };
		8737CA631F9C42770011D61C /* NCMBACL.m */ = {isa = PBXFileReference; fileEncoding = 4; lastKnownFileType = sourcecode.c.objc; path = NCMBACL.m; sourceTree = "<group>"; };
		8737CA641F9C42770011D61C /* NCMBObject+Subclass.h */ = {isa = PBXFileReference; fileEncoding = 4; lastKnownFileType = sourcecode.c.h; path = "NCMBObject+Subclass.h"; sourceTree = "<group>"; };
		8737CA651F9C42770011D61C /* NCMBAddOperation.h */ = {isa = PBXFileReference; fileEncoding = 4; lastKnownFileType = sourcecode.c.h; path = NCMBAddOperation.h; sourceTree = "<group>"; };
		8737CA661F9C42780011D61C /* NCMBSetOperation.h */ = {isa = PBXFileReference; fileEncoding = 4; lastKnownFileType = sourcecode.c.h; path = NCMBSetOperation.h; sourceTree = "<group>"; };
		8737CA671F9C42780011D61C /* NCMBQuery+Private.h */ = {isa = PBXFileReference; fileEncoding = 4; lastKnownFileType = sourcecode.c.h; path = "NCMBQuery+Private.h"; sourceTree = "<group>"; };
		8737CA681F9C42780011D61C /* NCMBScriptService.m */ = {isa = PBXFileReference; fileEncoding = 4; lastKnownFileType = sourcecode.c.objc; path = NCMBScriptService.m; sourceTree = "<group>"; };
		8737CA691F9C42780011D61C /* NCMBRelation.h */ = {isa = PBXFileReference; fileEncoding = 4; lastKnownFileType = sourcecode.c.h; path = NCMBRelation.h; sourceTree = "<group>"; };
		8737CA6A1F9C42780011D61C /* NSDataBase64Encode.m */ = {isa = PBXFileReference; fileEncoding = 4; lastKnownFileType = sourcecode.c.objc; path = NSDataBase64Encode.m; sourceTree = "<group>"; };
		8737CA6B1F9C42780011D61C /* NCMBRole.h */ = {isa = PBXFileReference; fileEncoding = 4; lastKnownFileType = sourcecode.c.h; path = NCMBRole.h; sourceTree = "<group>"; };
		8737CA6C1F9C42790011D61C /* NCMBURLConnection.m */ = {isa = PBXFileReference; fileEncoding = 4; lastKnownFileType = sourcecode.c.objc; path = NCMBURLConnection.m; sourceTree = "<group>"; };
		8737CA6D1F9C42790011D61C /* NCMBRelationOperation.m */ = {isa = PBXFileReference; fileEncoding = 4; lastKnownFileType = sourcecode.c.objc; path = NCMBRelationOperation.m; sourceTree = "<group>"; };
		8737CA6E1F9C42790011D61C /* NCMBACL.h */ = {isa = PBXFileReference; fileEncoding = 4; lastKnownFileType = sourcecode.c.h; path = NCMBACL.h; sourceTree = "<group>"; };
		8737CA6F1F9C42790011D61C /* NCMBInstallation.h */ = {isa = PBXFileReference; fileEncoding = 4; lastKnownFileType = sourcecode.c.h; path = NCMBInstallation.h; sourceTree = "<group>"; };
		8737CA701F9C42790011D61C /* NCMBAddOperation.m */ = {isa = PBXFileReference; fileEncoding = 4; lastKnownFileType = sourcecode.c.objc; path = NCMBAddOperation.m; sourceTree = "<group>"; };
		8737CA711F9C427A0011D61C /* NCMBGeoPoint.m */ = {isa = PBXFileReference; fileEncoding = 4; lastKnownFileType = sourcecode.c.objc; path = NCMBGeoPoint.m; sourceTree = "<group>"; };
		8737CA721F9C427A0011D61C /* NCMBRemoveOperation.m */ = {isa = PBXFileReference; fileEncoding = 4; lastKnownFileType = sourcecode.c.objc; path = NCMBRemoveOperation.m; sourceTree = "<group>"; };
		8737CA731F9C427A0011D61C /* NCMBUser.m */ = {isa = PBXFileReference; fileEncoding = 4; lastKnownFileType = sourcecode.c.objc; path = NCMBUser.m; sourceTree = "<group>"; };
		8737CA741F9C427A0011D61C /* NSDataBase64Encode.h */ = {isa = PBXFileReference; fileEncoding = 4; lastKnownFileType = sourcecode.c.h; path = NSDataBase64Encode.h; sourceTree = "<group>"; };
		8737CA751F9C427A0011D61C /* NCMBAnonymousUtils.m */ = {isa = PBXFileReference; fileEncoding = 4; lastKnownFileType = sourcecode.c.objc; path = NCMBAnonymousUtils.m; sourceTree = "<group>"; };
		8737CA761F9C427A0011D61C /* NCMBURLConnection.h */ = {isa = PBXFileReference; fileEncoding = 4; lastKnownFileType = sourcecode.c.h; path = NCMBURLConnection.h; sourceTree = "<group>"; };
		8737CA771F9C427B0011D61C /* NCMBRequest.m */ = {isa = PBXFileReference; fileEncoding = 4; lastKnownFileType = sourcecode.c.objc; path = NCMBRequest.m; sourceTree = "<group>"; };
		8737CA781F9C427B0011D61C /* NCMB.h */ = {isa = PBXFileReference; fileEncoding = 4; lastKnownFileType = sourcecode.c.h; path = NCMB.h; sourceTree = "<group>"; };
		8737CA791F9C427B0011D61C /* NCMBFacebookUtils.m */ = {isa = PBXFileReference; fileEncoding = 4; lastKnownFileType = sourcecode.c.objc; path = NCMBFacebookUtils.m; sourceTree = "<group>"; };
		8737CA7A1F9C427B0011D61C /* NCMBIncrementOperation.h */ = {isa = PBXFileReference; fileEncoding = 4; lastKnownFileType = sourcecode.c.h; path = NCMBIncrementOperation.h; sourceTree = "<group>"; };
		8737CA7B1F9C427C0011D61C /* NCMBObject.h */ = {isa = PBXFileReference; fileEncoding = 4; lastKnownFileType = sourcecode.c.h; path = NCMBObject.h; sourceTree = "<group>"; };
		8737CA7C1F9C427C0011D61C /* NCMBError.h */ = {isa = PBXFileReference; fileEncoding = 4; lastKnownFileType = sourcecode.c.h; path = NCMBError.h; sourceTree = "<group>"; };
		8737CA7D1F9C427C0011D61C /* NCMBConstants.h */ = {isa = PBXFileReference; fileEncoding = 4; lastKnownFileType = sourcecode.c.h; path = NCMBConstants.h; sourceTree = "<group>"; };
		8737CA7E1F9C427C0011D61C /* NCMBGeoPoint.h */ = {isa = PBXFileReference; fileEncoding = 4; lastKnownFileType = sourcecode.c.h; path = NCMBGeoPoint.h; sourceTree = "<group>"; };
		8737CA7F1F9C427C0011D61C /* NCMBScriptService.h */ = {isa = PBXFileReference; fileEncoding = 4; lastKnownFileType = sourcecode.c.h; path = NCMBScriptService.h; sourceTree = "<group>"; };
		8737CA801F9C427C0011D61C /* NCMBScript.h */ = {isa = PBXFileReference; fileEncoding = 4; lastKnownFileType = sourcecode.c.h; path = NCMBScript.h; sourceTree = "<group>"; };
		8737CA811F9C427D0011D61C /* NCMBAddUniqueOperation.m */ = {isa = PBXFileReference; fileEncoding = 4; lastKnownFileType = sourcecode.c.objc; path = NCMBAddUniqueOperation.m; sourceTree = "<group>"; };
		8737CA821F9C427D0011D61C /* NCMBDeleteOperation.h */ = {isa = PBXFileReference; fileEncoding = 4; lastKnownFileType = sourcecode.c.h; path = NCMBDeleteOperation.h; sourceTree = "<group>"; };
		8737CABF1F9C42960011D61C /* NCMB_umbrella.h */ = {isa = PBXFileReference; fileEncoding = 4; lastKnownFileType = sourcecode.c.h; path = NCMB_umbrella.h; sourceTree = "<group>"; };
		8AB2CDFB1CE3153F00F27481 /* NCMB.framework */ = {isa = PBXFileReference; explicitFileType = wrapper.framework; includeInIndex = 0; path = NCMB.framework; sourceTree = BUILT_PRODUCTS_DIR; };
		8AB2CF1C1CE32C1000F27481 /* NCMB_Info.plist */ = {isa = PBXFileReference; fileEncoding = 4; lastKnownFileType = text.plist.xml; path = NCMB_Info.plist; sourceTree = "<group>"; };
/* End PBXFileReference section */

/* Begin PBXFrameworksBuildPhase section */
		8AB2CDF71CE3153F00F27481 /* Frameworks */ = {
			isa = PBXFrameworksBuildPhase;
			buildActionMask = 2147483647;
			files = (
			);
			runOnlyForDeploymentPostprocessing = 0;
		};
/* End PBXFrameworksBuildPhase section */

/* Begin PBXGroup section */
		8AB2CDF11CE3153F00F27481 = {
			isa = PBXGroup;
			children = (
				8737CABF1F9C42960011D61C /* NCMB_umbrella.h */,
				8AB2CF1C1CE32C1000F27481 /* NCMB_Info.plist */,
				8AB2CDFD1CE3153F00F27481 /* NCMB */,
				8AB2CDFC1CE3153F00F27481 /* Products */,
			);
			sourceTree = "<group>";
		};
		8AB2CDFC1CE3153F00F27481 /* Products */ = {
			isa = PBXGroup;
			children = (
				8AB2CDFB1CE3153F00F27481 /* NCMB.framework */,
			);
			name = Products;
			sourceTree = "<group>";
		};
		8AB2CDFD1CE3153F00F27481 /* NCMB */ = {
			isa = PBXGroup;
			children = (
				8737CA781F9C427B0011D61C /* NCMB.h */,
				8737CA501F9C42750011D61C /* NCMB.m */,
				8737CA6E1F9C42790011D61C /* NCMBACL.h */,
				8737CA631F9C42770011D61C /* NCMBACL.m */,
				8737CA651F9C42770011D61C /* NCMBAddOperation.h */,
				8737CA701F9C42790011D61C /* NCMBAddOperation.m */,
				8737CA5E1F9C42760011D61C /* NCMBAddUniqueOperation.h */,
				8737CA811F9C427D0011D61C /* NCMBAddUniqueOperation.m */,
				8737CA581F9C42760011D61C /* NCMBAnonymousUtils.h */,
				8737CA751F9C427A0011D61C /* NCMBAnonymousUtils.m */,
				8737CA7D1F9C427C0011D61C /* NCMBConstants.h */,
				8737CA821F9C427D0011D61C /* NCMBDeleteOperation.h */,
				8737CA571F9C42760011D61C /* NCMBDeleteOperation.m */,
				8737CA7C1F9C427C0011D61C /* NCMBError.h */,
				8737CA591F9C42760011D61C /* NCMBError.m */,
				8737CA4E1F9C42750011D61C /* NCMBFacebookUtils.h */,
				8737CA791F9C427B0011D61C /* NCMBFacebookUtils.m */,
				8737CA531F9C42750011D61C /* NCMBFacebookUtils+Private.h */,
				8737CA7E1F9C427C0011D61C /* NCMBGeoPoint.h */,
				8737CA711F9C427A0011D61C /* NCMBGeoPoint.m */,
				8737CA7A1F9C427B0011D61C /* NCMBIncrementOperation.h */,
				8737CA471F9C42750011D61C /* NCMBIncrementOperation.m */,
				8737CA6F1F9C42790011D61C /* NCMBInstallation.h */,
				8737CA4A1F9C42750011D61C /* NCMBInstallation.m */,
				8737CA7B1F9C427C0011D61C /* NCMBObject.h */,
				8737CA511F9C42750011D61C /* NCMBObject.m */,
				8737CA611F9C42770011D61C /* NCMBObject+Private.h */,
				8737CA641F9C42770011D61C /* NCMBObject+Subclass.h */,
				8737CA541F9C42750011D61C /* NCMBQuery.h */,
				8737CA5C1F9C42760011D61C /* NCMBQuery.m */,
				8737CA671F9C42780011D61C /* NCMBQuery+Private.h */,
				8737CA5D1F9C42760011D61C /* NCMBReachability.h */,
				8737CA4B1F9C42750011D61C /* NCMBReachability.m */,
				8737CA691F9C42780011D61C /* NCMBRelation.h */,
				8737CA621F9C42770011D61C /* NCMBRelation.m */,
				8737CA521F9C42750011D61C /* NCMBRelation+Private.h */,
				8737CA4D1F9C42750011D61C /* NCMBRelationOperation.h */,
				8737CA6D1F9C42790011D61C /* NCMBRelationOperation.m */,
				8737CA5A1F9C42760011D61C /* NCMBRemoveOperation.h */,
				8737CA721F9C427A0011D61C /* NCMBRemoveOperation.m */,
				8737CA551F9C42750011D61C /* NCMBRequest.h */,
				8737CA771F9C427B0011D61C /* NCMBRequest.m */,
				8737CA6B1F9C42780011D61C /* NCMBRole.h */,
				8737CA5F1F9C42770011D61C /* NCMBRole.m */,
				8737CA801F9C427C0011D61C /* NCMBScript.h */,
				8737CA4C1F9C42750011D61C /* NCMBScript.m */,
				8737CA7F1F9C427C0011D61C /* NCMBScriptService.h */,
				8737CA681F9C42780011D61C /* NCMBScriptService.m */,
				8737CA661F9C42780011D61C /* NCMBSetOperation.h */,
				8737CA481F9C42750011D61C /* NCMBSetOperation.m */,
				8737CA561F9C42760011D61C /* NCMBSubclassing.h */,
				8737CA761F9C427A0011D61C /* NCMBURLConnection.h */,
				8737CA6C1F9C42790011D61C /* NCMBURLConnection.m */,
				8737CA5B1F9C42760011D61C /* NCMBUser.h */,
				8737CA731F9C427A0011D61C /* NCMBUser.m */,
				8737CA601F9C42770011D61C /* NCMBUser+Private.h */,
				8737CA741F9C427A0011D61C /* NSDataBase64Encode.h */,
				8737CA6A1F9C42780011D61C /* NSDataBase64Encode.m */,
				8737CA4F1F9C42750011D61C /* SubClassHandler.h */,
				8737CA491F9C42750011D61C /* SubClassHandler.m */,
			);
			path = NCMB;
			sourceTree = "<group>";
		};
/* End PBXGroup section */

/* Begin PBXHeadersBuildPhase section */
		8AB2CDF81CE3153F00F27481 /* Headers */ = {
			isa = PBXHeadersBuildPhase;
			buildActionMask = 2147483647;
			files = (
				8737CABC1F9C427D0011D61C /* NCMBScript.h in Headers */,
				8737CAB41F9C427D0011D61C /* NCMB.h in Headers */,
				8737CAB01F9C427D0011D61C /* NSDataBase64Encode.h in Headers */,
				8737CA9D1F9C427D0011D61C /* NCMBObject+Private.h in Headers */,
				8737CAA31F9C427D0011D61C /* NCMBQuery+Private.h in Headers */,
				8737CAA21F9C427D0011D61C /* NCMBSetOperation.h in Headers */,
				8737CA8E1F9C427D0011D61C /* NCMBRelation+Private.h in Headers */,
				8737CA991F9C427D0011D61C /* NCMBReachability.h in Headers */,
				8737CA911F9C427D0011D61C /* NCMBRequest.h in Headers */,
				8737CAA51F9C427D0011D61C /* NCMBRelation.h in Headers */,
				8737CAB71F9C427D0011D61C /* NCMBObject.h in Headers */,
				8737CAAA1F9C427D0011D61C /* NCMBACL.h in Headers */,
				8737CA941F9C427D0011D61C /* NCMBAnonymousUtils.h in Headers */,
				8737CAC01F9C42960011D61C /* NCMB_umbrella.h in Headers */,
				8737CAB91F9C427D0011D61C /* NCMBConstants.h in Headers */,
				8737CAA71F9C427D0011D61C /* NCMBRole.h in Headers */,
				8737CA8F1F9C427D0011D61C /* NCMBFacebookUtils+Private.h in Headers */,
				8737CABB1F9C427D0011D61C /* NCMBScriptService.h in Headers */,
				8737CA9C1F9C427D0011D61C /* NCMBUser+Private.h in Headers */,
				8737CA971F9C427D0011D61C /* NCMBUser.h in Headers */,
				8737CAB61F9C427D0011D61C /* NCMBIncrementOperation.h in Headers */,
				8737CA8B1F9C427D0011D61C /* SubClassHandler.h in Headers */,
				8737CABE1F9C427D0011D61C /* NCMBDeleteOperation.h in Headers */,
				8737CA901F9C427D0011D61C /* NCMBQuery.h in Headers */,
				8737CABA1F9C427D0011D61C /* NCMBGeoPoint.h in Headers */,
				8737CA961F9C427D0011D61C /* NCMBRemoveOperation.h in Headers */,
				8737CA9A1F9C427D0011D61C /* NCMBAddUniqueOperation.h in Headers */,
				8737CA921F9C427D0011D61C /* NCMBSubclassing.h in Headers */,
				8737CAA01F9C427D0011D61C /* NCMBObject+Subclass.h in Headers */,
				8737CAAB1F9C427D0011D61C /* NCMBInstallation.h in Headers */,
				8737CAB81F9C427D0011D61C /* NCMBError.h in Headers */,
				8737CA8A1F9C427D0011D61C /* NCMBFacebookUtils.h in Headers */,
				8737CAA11F9C427D0011D61C /* NCMBAddOperation.h in Headers */,
				8737CAB21F9C427D0011D61C /* NCMBURLConnection.h in Headers */,
				8737CA891F9C427D0011D61C /* NCMBRelationOperation.h in Headers */,
			);
			runOnlyForDeploymentPostprocessing = 0;
		};
/* End PBXHeadersBuildPhase section */

/* Begin PBXNativeTarget section */
		8AB2CDFA1CE3153F00F27481 /* NCMB */ = {
			isa = PBXNativeTarget;
			buildConfigurationList = 8AB2CE031CE3153F00F27481 /* Build configuration list for PBXNativeTarget "NCMB" */;
			buildPhases = (
				8AB2CDF61CE3153F00F27481 /* Sources */,
				8AB2CDF71CE3153F00F27481 /* Frameworks */,
				8AB2CDF81CE3153F00F27481 /* Headers */,
				8AB2CDF91CE3153F00F27481 /* Resources */,
			);
			buildRules = (
			);
			dependencies = (
			);
			name = NCMB;
			productName = NCMB;
			productReference = 8AB2CDFB1CE3153F00F27481 /* NCMB.framework */;
			productType = "com.apple.product-type.framework";
		};
/* End PBXNativeTarget section */

/* Begin PBXProject section */
		8AB2CDF21CE3153F00F27481 /* Project object */ = {
			isa = PBXProject;
			attributes = {
				LastUpgradeCheck = 0730;
				ORGANIZATIONNAME = systena;
				TargetAttributes = {
					8AB2CDFA1CE3153F00F27481 = {
						CreatedOnToolsVersion = 7.3.1;
					};
				};
			};
			buildConfigurationList = 8AB2CDF51CE3153F00F27481 /* Build configuration list for PBXProject "NCMB" */;
			compatibilityVersion = "Xcode 3.2";
			developmentRegion = English;
			hasScannedForEncodings = 0;
			knownRegions = (
				en,
			);
			mainGroup = 8AB2CDF11CE3153F00F27481;
			productRefGroup = 8AB2CDFC1CE3153F00F27481 /* Products */;
			projectDirPath = "";
			projectRoot = "";
			targets = (
				8AB2CDFA1CE3153F00F27481 /* NCMB */,
			);
		};
/* End PBXProject section */

/* Begin PBXResourcesBuildPhase section */
		8AB2CDF91CE3153F00F27481 /* Resources */ = {
			isa = PBXResourcesBuildPhase;
			buildActionMask = 2147483647;
			files = (
			);
			runOnlyForDeploymentPostprocessing = 0;
		};
/* End PBXResourcesBuildPhase section */

/* Begin PBXSourcesBuildPhase section */
		8AB2CDF61CE3153F00F27481 /* Sources */ = {
			isa = PBXSourcesBuildPhase;
			buildActionMask = 2147483647;
			files = (
				8737CA9E1F9C427D0011D61C /* NCMBRelation.m in Sources */,
				8737CA871F9C427D0011D61C /* NCMBReachability.m in Sources */,
				8737CA851F9C427D0011D61C /* SubClassHandler.m in Sources */,
				8737CA951F9C427D0011D61C /* NCMBError.m in Sources */,
				8737CAAC1F9C427D0011D61C /* NCMBAddOperation.m in Sources */,
				8737CA9B1F9C427D0011D61C /* NCMBRole.m in Sources */,
				8737CABD1F9C427D0011D61C /* NCMBAddUniqueOperation.m in Sources */,
				8737CAA91F9C427D0011D61C /* NCMBRelationOperation.m in Sources */,
				8737CA841F9C427D0011D61C /* NCMBSetOperation.m in Sources */,
				8737CA9F1F9C427D0011D61C /* NCMBACL.m in Sources */,
				8737CA831F9C427D0011D61C /* NCMBIncrementOperation.m in Sources */,
				8737CAB11F9C427D0011D61C /* NCMBAnonymousUtils.m in Sources */,
				8737CA981F9C427D0011D61C /* NCMBQuery.m in Sources */,
				8737CAB51F9C427D0011D61C /* NCMBFacebookUtils.m in Sources */,
				8737CA881F9C427D0011D61C /* NCMBScript.m in Sources */,
				8737CA8C1F9C427D0011D61C /* NCMB.m in Sources */,
				8737CA8D1F9C427D0011D61C /* NCMBObject.m in Sources */,
				8737CAAF1F9C427D0011D61C /* NCMBUser.m in Sources */,
				8737CAA81F9C427D0011D61C /* NCMBURLConnection.m in Sources */,
				8737CAB31F9C427D0011D61C /* NCMBRequest.m in Sources */,
				8737CA931F9C427D0011D61C /* NCMBDeleteOperation.m in Sources */,
				8737CAA61F9C427D0011D61C /* NSDataBase64Encode.m in Sources */,
				8737CA861F9C427D0011D61C /* NCMBInstallation.m in Sources */,
				8737CAAE1F9C427D0011D61C /* NCMBRemoveOperation.m in Sources */,
				8737CAAD1F9C427D0011D61C /* NCMBGeoPoint.m in Sources */,
				8737CAA41F9C427D0011D61C /* NCMBScriptService.m in Sources */,
			);
			runOnlyForDeploymentPostprocessing = 0;
		};
/* End PBXSourcesBuildPhase section */

/* Begin XCBuildConfiguration section */
		8AB2CE011CE3153F00F27481 /* Debug */ = {
			isa = XCBuildConfiguration;
			buildSettings = {
				ALWAYS_SEARCH_USER_PATHS = NO;
				CLANG_ANALYZER_NONNULL = YES;
				CLANG_CXX_LANGUAGE_STANDARD = "gnu++0x";
				CLANG_CXX_LIBRARY = "libc++";
				CLANG_ENABLE_MODULES = YES;
				CLANG_ENABLE_OBJC_ARC = YES;
				CLANG_WARN_BOOL_CONVERSION = YES;
				CLANG_WARN_CONSTANT_CONVERSION = YES;
				CLANG_WARN_DIRECT_OBJC_ISA_USAGE = YES_ERROR;
				CLANG_WARN_EMPTY_BODY = YES;
				CLANG_WARN_ENUM_CONVERSION = YES;
				CLANG_WARN_INT_CONVERSION = YES;
				CLANG_WARN_OBJC_ROOT_CLASS = YES_ERROR;
				CLANG_WARN_UNREACHABLE_CODE = YES;
				CLANG_WARN__DUPLICATE_METHOD_MATCH = YES;
				"CODE_SIGN_IDENTITY[sdk=iphoneos*]" = "iPhone Developer";
				COPY_PHASE_STRIP = NO;
				CURRENT_PROJECT_VERSION = 1;
				DEBUG_INFORMATION_FORMAT = dwarf;
				ENABLE_STRICT_OBJC_MSGSEND = YES;
				ENABLE_TESTABILITY = YES;
				GCC_C_LANGUAGE_STANDARD = gnu99;
				GCC_DYNAMIC_NO_PIC = NO;
				GCC_NO_COMMON_BLOCKS = YES;
				GCC_OPTIMIZATION_LEVEL = 0;
				GCC_PREPROCESSOR_DEFINITIONS = (
					"DEBUG=1",
					"$(inherited)",
				);
				GCC_WARN_64_TO_32_BIT_CONVERSION = YES;
				GCC_WARN_ABOUT_RETURN_TYPE = YES_ERROR;
				GCC_WARN_UNDECLARED_SELECTOR = YES;
				GCC_WARN_UNINITIALIZED_AUTOS = YES_AGGRESSIVE;
				GCC_WARN_UNUSED_FUNCTION = YES;
				GCC_WARN_UNUSED_VARIABLE = YES;
				IPHONEOS_DEPLOYMENT_TARGET = 8.0;
				MACOSX_DEPLOYMENT_TARGET = 10.12;
				MTL_ENABLE_DEBUG_INFO = YES;
				ONLY_ACTIVE_ARCH = YES;
				SDKROOT = macosx;
				TARGETED_DEVICE_FAMILY = "1,2";
				VERSIONING_SYSTEM = "apple-generic";
				VERSION_INFO_PREFIX = "";
			};
			name = Debug;
		};
		8AB2CE021CE3153F00F27481 /* Release */ = {
			isa = XCBuildConfiguration;
			buildSettings = {
				ALWAYS_SEARCH_USER_PATHS = NO;
				CLANG_ANALYZER_NONNULL = YES;
				CLANG_CXX_LANGUAGE_STANDARD = "gnu++0x";
				CLANG_CXX_LIBRARY = "libc++";
				CLANG_ENABLE_MODULES = YES;
				CLANG_ENABLE_OBJC_ARC = YES;
				CLANG_WARN_BOOL_CONVERSION = YES;
				CLANG_WARN_CONSTANT_CONVERSION = YES;
				CLANG_WARN_DIRECT_OBJC_ISA_USAGE = YES_ERROR;
				CLANG_WARN_EMPTY_BODY = YES;
				CLANG_WARN_ENUM_CONVERSION = YES;
				CLANG_WARN_INT_CONVERSION = YES;
				CLANG_WARN_OBJC_ROOT_CLASS = YES_ERROR;
				CLANG_WARN_UNREACHABLE_CODE = YES;
				CLANG_WARN__DUPLICATE_METHOD_MATCH = YES;
				"CODE_SIGN_IDENTITY[sdk=iphoneos*]" = "iPhone Developer";
				COPY_PHASE_STRIP = NO;
				CURRENT_PROJECT_VERSION = 1;
				DEBUG_INFORMATION_FORMAT = "dwarf-with-dsym";
				ENABLE_NS_ASSERTIONS = NO;
				ENABLE_STRICT_OBJC_MSGSEND = YES;
				GCC_C_LANGUAGE_STANDARD = gnu99;
				GCC_NO_COMMON_BLOCKS = YES;
				GCC_WARN_64_TO_32_BIT_CONVERSION = YES;
				GCC_WARN_ABOUT_RETURN_TYPE = YES_ERROR;
				GCC_WARN_UNDECLARED_SELECTOR = YES;
				GCC_WARN_UNINITIALIZED_AUTOS = YES_AGGRESSIVE;
				GCC_WARN_UNUSED_FUNCTION = YES;
				GCC_WARN_UNUSED_VARIABLE = YES;
				IPHONEOS_DEPLOYMENT_TARGET = 8.0;
				MACOSX_DEPLOYMENT_TARGET = 10.12;
				MTL_ENABLE_DEBUG_INFO = NO;
				SDKROOT = macosx;
				TARGETED_DEVICE_FAMILY = "1,2";
				VALIDATE_PRODUCT = YES;
				VERSIONING_SYSTEM = "apple-generic";
				VERSION_INFO_PREFIX = "";
			};
			name = Release;
		};
		8AB2CE041CE3153F00F27481 /* Debug */ = {
			isa = XCBuildConfiguration;
			buildSettings = {
				DEFINES_MODULE = YES;
				DYLIB_COMPATIBILITY_VERSION = 1;
				DYLIB_CURRENT_VERSION = 1;
				DYLIB_INSTALL_NAME_BASE = "@rpath";
				INFOPLIST_FILE = "$(SRCROOT)/NCMB_Info.plist";
				INSTALL_PATH = "$(LOCAL_LIBRARY_DIR)/Frameworks";
				LD_RUNPATH_SEARCH_PATHS = "$(inherited) @executable_path/Frameworks @loader_path/Frameworks";
				MODULEMAP_FILE = "$(SRCROOT)/NCMB.modulemap";
				MODULEMAP_PRIVATE_FILE = "";
				ONLY_ACTIVE_ARCH = NO;
				PRODUCT_BUNDLE_IDENTIFIER = com.nifty.cloud.mb.NCMB;
				PRODUCT_NAME = "$(TARGET_NAME)";
				SKIP_INSTALL = YES;
			};
			name = Debug;
		};
		8AB2CE051CE3153F00F27481 /* Release */ = {
			isa = XCBuildConfiguration;
			buildSettings = {
				DEFINES_MODULE = YES;
				DYLIB_COMPATIBILITY_VERSION = 1;
				DYLIB_CURRENT_VERSION = 1;
				DYLIB_INSTALL_NAME_BASE = "@rpath";
				INFOPLIST_FILE = "$(SRCROOT)/NCMB_Info.plist";
				INSTALL_PATH = "$(LOCAL_LIBRARY_DIR)/Frameworks";
				LD_RUNPATH_SEARCH_PATHS = "$(inherited) @executable_path/Frameworks @loader_path/Frameworks";
				MODULEMAP_FILE = "$(SRCROOT)/NCMB.modulemap";
				MODULEMAP_PRIVATE_FILE = "";
				PRODUCT_BUNDLE_IDENTIFIER = com.nifty.cloud.mb.NCMB;
				PRODUCT_NAME = "$(TARGET_NAME)";
				SKIP_INSTALL = YES;
			};
			name = Release;
		};
/* End XCBuildConfiguration section */

/* Begin XCConfigurationList section */
		8AB2CDF51CE3153F00F27481 /* Build configuration list for PBXProject "NCMB" */ = {
			isa = XCConfigurationList;
			buildConfigurations = (
				8AB2CE011CE3153F00F27481 /* Debug */,
				8AB2CE021CE3153F00F27481 /* Release */,
			);
			defaultConfigurationIsVisible = 0;
			defaultConfigurationName = Release;
		};
		8AB2CE031CE3153F00F27481 /* Build configuration list for PBXNativeTarget "NCMB" */ = {
			isa = XCConfigurationList;
			buildConfigurations = (
				8AB2CE041CE3153F00F27481 /* Debug */,
				8AB2CE051CE3153F00F27481 /* Release */,
			);
			defaultConfigurationIsVisible = 0;
			defaultConfigurationName = Release;
		};
/* End XCConfigurationList section */
	};
	rootObject = 8AB2CDF21CE3153F00F27481 /* Project object */;
}
